
Microsoft Visual Studio Solution File, Format Version 12.00
# Visual Studio 2013
VisualStudioVersion = 12.0.21005.1
MinimumVisualStudioVersion = 10.0.40219.1
Project("{FAE04EC0-301F-11D3-BF4B-00C04F79EFBC}") = "Task33", "Task03\Task33.csproj", "{6206DF09-25CD-411D-AC11-22121BE56881}"
EndProject
Project("{FAE04EC0-301F-11D3-BF4B-00C04F79EFBC}") = "Task32", "Task32\Task32.csproj", "{3CB62E99-943A-4771-8212-BA6BF833AACA}"
EndProject
Project("{FAE04EC0-301F-11D3-BF4B-00C04F79EFBC}") = "Task27", "Task27\Task27.csproj", "{23B6FF02-356E-4C46-9D8B-F05172ABFC2F}"
EndProject
Global
	GlobalSection(SolutionConfigurationPlatforms) = preSolution
		Debug|Any CPU = Debug|Any CPU
		Release|Any CPU = Release|Any CPU
	EndGlobalSection
	GlobalSection(ProjectConfigurationPlatforms) = postSolution
		{6206DF09-25CD-411D-AC11-22121BE56881}.Debug|Any CPU.ActiveCfg = Debug|Any CPU
		{6206DF09-25CD-411D-AC11-22121BE56881}.Debug|Any CPU.Build.0 = Debug|Any CPU
		{6206DF09-25CD-411D-AC11-22121BE56881}.Release|Any CPU.ActiveCfg = Release|Any CPU
		{6206DF09-25CD-411D-AC11-22121BE56881}.Release|Any CPU.Build.0 = Release|Any CPU
		{3CB62E99-943A-4771-8212-BA6BF833AACA}.Debug|Any CPU.ActiveCfg = Debug|Any CPU
		{3CB62E99-943A-4771-8212-BA6BF833AACA}.Debug|Any CPU.Build.0 = Debug|Any CPU
		{3CB62E99-943A-4771-8212-BA6BF833AACA}.Release|Any CPU.ActiveCfg = Release|Any CPU
		{3CB62E99-943A-4771-8212-BA6BF833AACA}.Release|Any CPU.Build.0 = Release|Any CPU
		{23B6FF02-356E-4C46-9D8B-F05172ABFC2F}.Debug|Any CPU.ActiveCfg = Debug|Any CPU
		{23B6FF02-356E-4C46-9D8B-F05172ABFC2F}.Debug|Any CPU.Build.0 = Debug|Any CPU
		{23B6FF02-356E-4C46-9D8B-F05172ABFC2F}.Release|Any CPU.ActiveCfg = Release|Any CPU
		{23B6FF02-356E-4C46-9D8B-F05172ABFC2F}.Release|Any CPU.Build.0 = Release|Any CPU
	EndGlobalSection
	GlobalSection(SolutionProperties) = preSolution
		HideSolutionNode = FALSE
	EndGlobalSection
EndGlobal
